
Microsoft Visual Studio Solution File, Format Version 12.00
# Visual Studio Version 17
VisualStudioVersion = 17.5.002.0
MinimumVisualStudioVersion = 10.0.40219.1
Project("{9A19103F-16F7-4668-BE54-9A1E7A4F7556}") = "GoldenTracker", "GoldenTracker.csproj", "{D01669F8-54B7-4A79-91C5-FF1879211279}"
EndProject
Global
	GlobalSection(SolutionConfigurationPlatforms) = preSolution
		Debug|Any CPU = Debug|Any CPU
		Release|Any CPU = Release|Any CPU
	EndGlobalSection
	GlobalSection(ProjectConfigurationPlatforms) = postSolution
		{D01669F8-54B7-4A79-91C5-FF1879211279}.Debug|Any CPU.ActiveCfg = Debug|Any CPU
		{D01669F8-54B7-4A79-91C5-FF1879211279}.Debug|Any CPU.Build.0 = Debug|Any CPU
		{D01669F8-54B7-4A79-91C5-FF1879211279}.Release|Any CPU.ActiveCfg = Release|Any CPU
		{D01669F8-54B7-4A79-91C5-FF1879211279}.Release|Any CPU.Build.0 = Release|Any CPU
	EndGlobalSection
	GlobalSection(SolutionProperties) = preSolution
		HideSolutionNode = FALSE
	EndGlobalSection
	GlobalSection(ExtensibilityGlobals) = postSolution
		SolutionGuid = {B73D730F-51C4-434E-ADCF-BD1B2ECD1109}
	EndGlobalSection
EndGlobal
